
Microsoft Visual Studio Solution File, Format Version 12.00
# Visual Studio Version 17
VisualStudioVersion = 17.8.34511.84
MinimumVisualStudioVersion = 10.0.40219.1
Project("{FAE04EC0-301F-11D3-BF4B-00C04F79EFBC}") = "SchoolProject.Api", "SchoolProject.Api\SchoolProject.Api.csproj", "{AC10EB69-C530-4076-8D8D-49B56A268124}"
EndProject
Project("{FAE04EC0-301F-11D3-BF4B-00C04F79EFBC}") = "SchoolProject.Core", "SchoolProject.Core\SchoolProject.Core.csproj", "{C1AA5DDF-03A7-4B50-8EBA-DD69538489B7}"
EndProject
Project("{FAE04EC0-301F-11D3-BF4B-00C04F79EFBC}") = "SchoolProject.Data", "SchoolProject.Data\SchoolProject.Data.csproj", "{CA78666E-843D-4E48-BCF0-24DAC3D20FA2}"
EndProject
Project("{FAE04EC0-301F-11D3-BF4B-00C04F79EFBC}") = "SchoolProject.Infrustructure", "SchoolProject.Infrustructure\SchoolProject.Infrustructure.csproj", "{88B1F660-5628-4713-BBB9-320EDB477836}"
EndProject
Project("{FAE04EC0-301F-11D3-BF4B-00C04F79EFBC}") = "SchoolProject.Service", "SchoolProject.Service\SchoolProject.Service.csproj", "{7984A7AD-B815-4B12-931B-EBFDB6EB013B}"
EndProject
Global
	GlobalSection(SolutionConfigurationPlatforms) = preSolution
		Debug|Any CPU = Debug|Any CPU
		Release|Any CPU = Release|Any CPU
	EndGlobalSection
	GlobalSection(ProjectConfigurationPlatforms) = postSolution
		{AC10EB69-C530-4076-8D8D-49B56A268124}.Debug|Any CPU.ActiveCfg = Debug|Any CPU
		{AC10EB69-C530-4076-8D8D-49B56A268124}.Debug|Any CPU.Build.0 = Debug|Any CPU
		{AC10EB69-C530-4076-8D8D-49B56A268124}.Release|Any CPU.ActiveCfg = Release|Any CPU
		{AC10EB69-C530-4076-8D8D-49B56A268124}.Release|Any CPU.Build.0 = Release|Any CPU
		{C1AA5DDF-03A7-4B50-8EBA-DD69538489B7}.Debug|Any CPU.ActiveCfg = Debug|Any CPU
		{C1AA5DDF-03A7-4B50-8EBA-DD69538489B7}.Debug|Any CPU.Build.0 = Debug|Any CPU
		{C1AA5DDF-03A7-4B50-8EBA-DD69538489B7}.Release|Any CPU.ActiveCfg = Release|Any CPU
		{C1AA5DDF-03A7-4B50-8EBA-DD69538489B7}.Release|Any CPU.Build.0 = Release|Any CPU
		{CA78666E-843D-4E48-BCF0-24DAC3D20FA2}.Debug|Any CPU.ActiveCfg = Debug|Any CPU
		{CA78666E-843D-4E48-BCF0-24DAC3D20FA2}.Debug|Any CPU.Build.0 = Debug|Any CPU
		{CA78666E-843D-4E48-BCF0-24DAC3D20FA2}.Release|Any CPU.ActiveCfg = Release|Any CPU
		{CA78666E-843D-4E48-BCF0-24DAC3D20FA2}.Release|Any CPU.Build.0 = Release|Any CPU
		{88B1F660-5628-4713-BBB9-320EDB477836}.Debug|Any CPU.ActiveCfg = Debug|Any CPU
		{88B1F660-5628-4713-BBB9-320EDB477836}.Debug|Any CPU.Build.0 = Debug|Any CPU
		{88B1F660-5628-4713-BBB9-320EDB477836}.Release|Any CPU.ActiveCfg = Release|Any CPU
		{88B1F660-5628-4713-BBB9-320EDB477836}.Release|Any CPU.Build.0 = Release|Any CPU
		{7984A7AD-B815-4B12-931B-EBFDB6EB013B}.Debug|Any CPU.ActiveCfg = Debug|Any CPU
		{7984A7AD-B815-4B12-931B-EBFDB6EB013B}.Debug|Any CPU.Build.0 = Debug|Any CPU
		{7984A7AD-B815-4B12-931B-EBFDB6EB013B}.Release|Any CPU.ActiveCfg = Release|Any CPU
		{7984A7AD-B815-4B12-931B-EBFDB6EB013B}.Release|Any CPU.Build.0 = Release|Any CPU
	EndGlobalSection
	GlobalSection(SolutionProperties) = preSolution
		HideSolutionNode = FALSE
	EndGlobalSection
	GlobalSection(ExtensibilityGlobals) = postSolution
		SolutionGuid = {48855612-B98F-4B54-B1AF-A12A9815DDB4}
	EndGlobalSection
EndGlobal
